
Microsoft Visual Studio Solution File, Format Version 12.00
# Visual Studio Version 17
VisualStudioVersion = 17.7.34221.43
MinimumVisualStudioVersion = 10.0.40219.1
Project("{FAE04EC0-301F-11D3-BF4B-00C04F79EFBC}") = "exe11", "exe11\exe11.csproj", "{974C0077-5965-414E-84F9-239BC8F138A3}"
EndProject
Global
	GlobalSection(SolutionConfigurationPlatforms) = preSolution
		Debug|Any CPU = Debug|Any CPU
		Release|Any CPU = Release|Any CPU
	EndGlobalSection
	GlobalSection(ProjectConfigurationPlatforms) = postSolution
		{974C0077-5965-414E-84F9-239BC8F138A3}.Debug|Any CPU.ActiveCfg = Debug|Any CPU
		{974C0077-5965-414E-84F9-239BC8F138A3}.Debug|Any CPU.Build.0 = Debug|Any CPU
		{974C0077-5965-414E-84F9-239BC8F138A3}.Release|Any CPU.ActiveCfg = Release|Any CPU
		{974C0077-5965-414E-84F9-239BC8F138A3}.Release|Any CPU.Build.0 = Release|Any CPU
	EndGlobalSection
	GlobalSection(SolutionProperties) = preSolution
		HideSolutionNode = FALSE
	EndGlobalSection
	GlobalSection(ExtensibilityGlobals) = postSolution
		SolutionGuid = {18DB1D68-13A4-4C1F-B703-0AD1739E5D1A}
	EndGlobalSection
EndGlobal
